PATH
  remote: .
  specs:
    htmlToPdf (0.3.0)

GEM
  remote: https://rubygems.org/
  specs:
    rake (13.4.2)

PLATFORMS
  ruby

DEPENDENCIES
  bundler (>= 2.4)
  htmlToPdf!
  rake (>= 13.0)

CHECKSUMS
  htmlToPdf (0.3.0)
  rake (13.4.2) sha256=cb825b2bd5f1f8e91ca37bddb4b9aaf345551b4731da62949be002fa89283701

BUNDLED WITH
  4.0.6
